<Solution>
  <Configurations>
    <Platform Name="ARM64" />
    <Platform Name="x64" />
    <Platform Name="x86" />
  </Configurations>
  <Project Path="Modeling.Core/Modeling.Core.csproj" Id="ea3aee23-47df-4868-83ec-06c2e296b870" />
  <Project Path="Modeling.Models/Modeling.Models.csproj">
    <Platform Solution="Debug|x64" Project="x64" />
    <Platform Solution="Debug|x86" Project="x86" />
  </Project>
  <Project Path="Modeling.PlatformHelpers/Modeling.PlatformHelpers.csproj">
    <Platform Solution="Debug|x86" Project="x86" />
  </Project>
  <Project Path="Modeling.UI/Modeling.UI.csproj">
    <Platform Solution="*|ARM64" Project="ARM64" />
    <Platform Solution="*|x64" Project="x64" />
    <Platform Solution="*|x86" Project="x86" />
    <Deploy />
  </Project>
  <Project Path="Modeling.ViewModels/Modeling.ViewModels.csproj">
    <Platform Solution="Debug|x64" Project="x64" />
    <Platform Solution="Debug|x86" Project="x86" />
  </Project>
</Solution>
